// !$*UTF8*$!
{
	archiveVersion = 1;
	classes = {
	};
	objectVersion = 56;
	objects = {

/* Begin PBXBuildFile section */
		8462E0782A4CA6500034AA0D /* TableViewCell.swift in Sources */ = {isa = PBXBuildFile; fileRef = 8462E0772A4CA6500034AA0D /* TableViewCell.swift */; };
		8462E07A2A4CA7140034AA0D /* CustomViewController.swift in Sources */ = {isa = PBXBuildFile; fileRef = 8462E0792A4CA7140034AA0D /* CustomViewController.swift */; };
		8462E07C2A4CA73F0034AA0D /* Model.swift in Sources */ = {isa = PBXBuildFile; fileRef = 8462E07B2A4CA73F0034AA0D /* Model.swift */; };
		8462E0802A4CEDD50034AA0D /* SnapKit in Frameworks */ = {isa = PBXBuildFile; productRef = 8462E07F2A4CEDD50034AA0D /* SnapKit */; };
		846DA2692A4B48A100066A89 /* AppDelegate.swift in Sources */ = {isa = PBXBuildFile; fileRef = 846DA2682A4B48A100066A89 /* AppDelegate.swift */; };
		846DA26B2A4B48A100066A89 /* SceneDelegate.swift in Sources */ = {isa = PBXBuildFile; fileRef = 846DA26A2A4B48A100066A89 /* SceneDelegate.swift */; };
		846DA26D2A4B48A100066A89 /* ViewController.swift in Sources */ = {isa = PBXBuildFile; fileRef = 846DA26C2A4B48A100066A89 /* ViewController.swift */; };
		846DA2722A4B48A300066A89 /* Assets.xcassets in Resources */ = {isa = PBXBuildFile; fileRef = 846DA2712A4B48A300066A89 /* Assets.xcassets */; };
		846DA2752A4B48A300066A89 /* LaunchScreen.storyboard in Resources */ = {isa = PBXBuildFile; fileRef = 846DA2732A4B48A300066A89 /* LaunchScreen.storyboard */; };
/* End PBXBuildFile section */

/* Begin PBXFileReference section */
		8462E0772A4CA6500034AA0D /* TableViewCell.swift */ = {isa = PBXFileReference; lastKnownFileType = sourcecode.swift; path = TableViewCell.swift; sourceTree = "<group>"; };
		8462E0792A4CA7140034AA0D /* CustomViewController.swift */ = {isa = PBXFileReference; lastKnownFileType = sourcecode.swift; path = CustomViewController.swift; sourceTree = "<group>"; };
		8462E07B2A4CA73F0034AA0D /* Model.swift */ = {isa = PBXFileReference; lastKnownFileType = sourcecode.swift; path = Model.swift; sourceTree = "<group>"; };
		846DA2652A4B48A100066A89 /* SettingsPage.app */ = {isa = PBXFileReference; explicitFileType = wrapper.application; includeInIndex = 0; path = SettingsPage.app; sourceTree = BUILT_PRODUCTS_DIR; };
		846DA2682A4B48A100066A89 /* AppDelegate.swift */ = {isa = PBXFileReference; lastKnownFileType = sourcecode.swift; path = AppDelegate.swift; sourceTree = "<group>"; };
		846DA26A2A4B48A100066A89 /* SceneDelegate.swift */ = {isa = PBXFileReference; lastKnownFileType = sourcecode.swift; path = SceneDelegate.swift; sourceTree = "<group>"; };
		846DA26C2A4B48A100066A89 /* ViewController.swift */ = {isa = PBXFileReference; lastKnownFileType = sourcecode.swift; path = ViewController.swift; sourceTree = "<group>"; };
		846DA2712A4B48A300066A89 /* Assets.xcassets */ = {isa = PBXFileReference; lastKnownFileType = folder.assetcatalog; path = Assets.xcassets; sourceTree = "<group>"; };
		846DA2742A4B48A300066A89 /* Base */ = {isa = PBXFileReference; lastKnownFileType = file.storyboard; name = Base; path = Base.lproj/LaunchScreen.storyboard; sourceTree = "<group>"; };
		846DA2762A4B48A300066A89 /* Info.plist */ = {isa = PBXFileReference; lastKnownFileType = text.plist.xml; path = Info.plist; sourceTree = "<group>"; };
/* End PBXFileReference section */

/* Begin PBXFrameworksBuildPhase section */
		846DA2622A4B48A100066A89 /* Frameworks */ = {
			isa = PBXFrameworksBuildPhase;
			buildActionMask = 2147483647;
			files = (
				8462E0802A4CEDD50034AA0D /* SnapKit in Frameworks */,
			);
			runOnlyForDeploymentPostprocessing = 0;
		};
/* End PBXFrameworksBuildPhase section */

/* Begin PBXGroup section */
		8462E07D2A4CA7460034AA0D /* CustomModule */ = {
			isa = PBXGroup;
			children = (
				8462E0772A4CA6500034AA0D /* TableViewCell.swift */,
				8462E07B2A4CA73F0034AA0D /* Model.swift */,
				8462E0792A4CA7140034AA0D /* CustomViewController.swift */,
			);
			path = CustomModule;
			sourceTree = "<group>";
		};
		846DA25C2A4B48A100066A89 = {
			isa = PBXGroup;
			children = (
				846DA2672A4B48A100066A89 /* SettingsPage */,
				846DA2662A4B48A100066A89 /* Products */,
			);
			sourceTree = "<group>";
		};
		846DA2662A4B48A100066A89 /* Products */ = {
			isa = PBXGroup;
			children = (
				846DA2652A4B48A100066A89 /* SettingsPage.app */,
			);
			name = Products;
			sourceTree = "<group>";
		};
		846DA2672A4B48A100066A89 /* SettingsPage */ = {
			isa = PBXGroup;
			children = (
				846DA2832A4B523300066A89 /* Sources */,
				846DA2812A4B51A900066A89 /* Resources */,
			);
			path = SettingsPage;
			sourceTree = "<group>";
		};
		846DA2812A4B51A900066A89 /* Resources */ = {
			isa = PBXGroup;
			children = (
				846DA2712A4B48A300066A89 /* Assets.xcassets */,
				846DA2822A4B520D00066A89 /* Configuration */,
			);
			path = Resources;
			sourceTree = "<group>";
		};
		846DA2822A4B520D00066A89 /* Configuration */ = {
			isa = PBXGroup;
			children = (
				846DA2762A4B48A300066A89 /* Info.plist */,
			);
			path = Configuration;
			sourceTree = "<group>";
		};
		846DA2832A4B523300066A89 /* Sources */ = {
			isa = PBXGroup;
			children = (
				846DA2842A4B524400066A89 /* App */,
				846DA26C2A4B48A100066A89 /* ViewController.swift */,
				8462E07D2A4CA7460034AA0D /* CustomModule */,
				846DA2852A4B525700066A89 /* Storyboards */,
			);
			path = Sources;
			sourceTree = "<group>";
		};
		846DA2842A4B524400066A89 /* App */ = {
			isa = PBXGroup;
			children = (
				846DA2682A4B48A100066A89 /* AppDelegate.swift */,
				846DA26A2A4B48A100066A89 /* SceneDelegate.swift */,
			);
			path = App;
			sourceTree = "<group>";
		};
		846DA2852A4B525700066A89 /* Storyboards */ = {
			isa = PBXGroup;
			children = (
				846DA2732A4B48A300066A89 /* LaunchScreen.storyboard */,
			);
			path = Storyboards;
			sourceTree = "<group>";
		};
/* End PBXGroup section */

/* Begin PBXNativeTarget section */
		846DA2642A4B48A100066A89 /* SettingsPage */ = {
			isa = PBXNativeTarget;
			buildConfigurationList = 846DA2792A4B48A300066A89 /* Build configuration list for PBXNativeTarget "SettingsPage" */;
			buildPhases = (
				846DA2612A4B48A100066A89 /* Sources */,
				846DA2622A4B48A100066A89 /* Frameworks */,
				846DA2632A4B48A100066A89 /* Resources */,
			);
			buildRules = (
			);
			dependencies = (
			);
			name = SettingsPage;
			packageProductDependencies = (
				8462E07F2A4CEDD50034AA0D /* SnapKit */,
			);
			productName = SettingsPage;
			productReference = 846DA2652A4B48A100066A89 /* SettingsPage.app */;
			productType = "com.apple.product-type.application";
		};
/* End PBXNativeTarget section */

/* Begin PBXProject section */
		846DA25D2A4B48A100066A89 /* Project object */ = {
			isa = PBXProject;
			attributes = {
				BuildIndependentTargetsInParallel = 1;
				LastSwiftUpdateCheck = 1430;
				LastUpgradeCheck = 1430;
				TargetAttributes = {
					846DA2642A4B48A100066A89 = {
						CreatedOnToolsVersion = 14.3.1;
					};
				};
			};
			buildConfigurationList = 846DA2602A4B48A100066A89 /* Build configuration list for PBXProject "SettingsPage" */;
			compatibilityVersion = "Xcode 14.0";
			developmentRegion = en;
			hasScannedForEncodings = 0;
			knownRegions = (
				en,
				Base,
			);
			mainGroup = 846DA25C2A4B48A100066A89;
			packageReferences = (
				8462E07E2A4CEDD50034AA0D /* XCRemoteSwiftPackageReference "SnapKit" */,
			);
			productRefGroup = 846DA2662A4B48A100066A89 /* Products */;
			projectDirPath = "";
			projectRoot = "";
			targets = (
				846DA2642A4B48A100066A89 /* SettingsPage */,
			);
		};
/* End PBXProject section */

/* Begin PBXResourcesBuildPhase section */
		846DA2632A4B48A100066A89 /* Resources */ = {
			isa = PBXResourcesBuildPhase;
			buildActionMask = 2147483647;
			files = (
				846DA2752A4B48A300066A89 /* LaunchScreen.storyboard in Resources */,
				846DA2722A4B48A300066A89 /* Assets.xcassets in Resources */,
			);
			runOnlyForDeploymentPostprocessing = 0;
		};
/* End PBXResourcesBuildPhase section */

/* Begin PBXSourcesBuildPhase section */
		846DA2612A4B48A100066A89 /* Sources */ = {
			isa = PBXSourcesBuildPhase;
			buildActionMask = 2147483647;
			files = (
				846DA26D2A4B48A100066A89 /* ViewController.swift in Sources */,
				8462E0782A4CA6500034AA0D /* TableViewCell.swift in Sources */,
				8462E07A2A4CA7140034AA0D /* CustomViewController.swift in Sources */,
				8462E07C2A4CA73F0034AA0D /* Model.swift in Sources */,
				846DA2692A4B48A100066A89 /* AppDelegate.swift in Sources */,
				846DA26B2A4B48A100066A89 /* SceneDelegate.swift in Sources */,
			);
			runOnlyForDeploymentPostprocessing = 0;
		};
/* End PBXSourcesBuildPhase section */

/* Begin PBXVariantGroup section */
		846DA2732A4B48A300066A89 /* LaunchScreen.storyboard */ = {
			isa = PBXVariantGroup;
			children = (
				846DA2742A4B48A300066A89 /* Base */,
			);
			name = LaunchScreen.storyboard;
			sourceTree = "<group>";
		};
/* End PBXVariantGroup section */

/* Begin XCBuildConfiguration section */
		846DA2772A4B48A300066A89 /* Debug */ = {
			isa = XCBuildConfiguration;
			buildSettings = {
				ALWAYS_SEARCH_USER_PATHS = NO;
				CLANG_ANALYZER_NONNULL = YES;
				CLANG_ANALYZER_NUMBER_OBJECT_CONVERSION = YES_AGGRESSIVE;
				CLANG_CXX_LANGUAGE_STANDARD = "gnu++20";
				CLANG_ENABLE_MODULES = YES;
				CLANG_ENABLE_OBJC_ARC = YES;
				CLANG_ENABLE_OBJC_WEAK = YES;
				CLANG_WARN_BLOCK_CAPTURE_AUTORELEASING = YES;
				CLANG_WARN_BOOL_CONVERSION = YES;
				CLANG_WARN_COMMA = YES;
				CLANG_WARN_CONSTANT_CONVERSION = YES;
				CLANG_WARN_DEPRECATED_OBJC_IMPLEMENTATIONS = YES;
				CLANG_WARN_DIRECT_OBJC_ISA_USAGE = YES_ERROR;
				CLANG_WARN_DOCUMENTATION_COMMENTS = YES;
				CLANG_WARN_EMPTY_BODY = YES;
				CLANG_WARN_ENUM_CONVERSION = YES;
				CLANG_WARN_INFINITE_RECURSION = YES;
				CLANG_WARN_INT_CONVERSION = YES;
				CLANG_WARN_NON_LITERAL_NULL_CONVERSION = YES;
				CLANG_WARN_OBJC_IMPLICIT_RETAIN_SELF = YES;
				CLANG_WARN_OBJC_LITERAL_CONVERSION = YES;
				CLANG_WARN_OBJC_ROOT_CLASS = YES_ERROR;
				CLANG_WARN_QUOTED_INCLUDE_IN_FRAMEWORK_HEADER = YES;
				CLANG_WARN_RANGE_LOOP_ANALYSIS = YES;
				CLANG_WARN_STRICT_PROTOTYPES = YES;
				CLANG_WARN_SUSPICIOUS_MOVE = YES;
				CLANG_WARN_UNGUARDED_AVAILABILITY = YES_AGGRESSIVE;
				CLANG_WARN_UNREACHABLE_CODE = YES;
				CLANG_WARN__DUPLICATE_METHOD_MATCH = YES;
				COPY_PHASE_STRIP = NO;
				DEBUG_INFORMATION_FORMAT = dwarf;
				ENABLE_STRICT_OBJC_MSGSEND = YES;
				ENABLE_TESTABILITY = YES;
				GCC_C_LANGUAGE_STANDARD = gnu11;
				GCC_DYNAMIC_NO_PIC = NO;
				GCC_NO_COMMON_BLOCKS = YES;
				GCC_OPTIMIZATION_LEVEL = 0;
				GCC_PREPROCESSOR_DEFINITIONS = (
					"DEBUG=1",
					"$(inherited)",
				);
				GCC_WARN_64_TO_32_BIT_CONVERSION = YES;
				GCC_WARN_ABOUT_RETURN_TYPE = YES_ERROR;
				GCC_WARN_UNDECLARED_SELECTOR = YES;
				GCC_WARN_UNINITIALIZED_AUTOS = YES_AGGRESSIVE;
				GCC_WARN_UNUSED_FUNCTION = YES;
				GCC_WARN_UNUSED_VARIABLE = YES;
				IPHONEOS_DEPLOYMENT_TARGET = 16.4;
				MTL_ENABLE_DEBUG_INFO = INCLUDE_SOURCE;
				MTL_FAST_MATH = YES;
				ONLY_ACTIVE_ARCH = YES;
				SDKROOT = iphoneos;
				SWIFT_ACTIVE_COMPILATION_CONDITIONS = DEBUG;
				SWIFT_OPTIMIZATION_LEVEL = "-Onone";
			};
			name = Debug;
		};
		846DA2782A4B48A300066A89 /* Release */ = {
			isa = XCBuildConfiguration;
			buildSettings = {
				ALWAYS_SEARCH_USER_PATHS = NO;
				CLANG_ANALYZER_NONNULL = YES;
				CLANG_ANALYZER_NUMBER_OBJECT_CONVERSION = YES_AGGRESSIVE;
				CLANG_CXX_LANGUAGE_STANDARD = "gnu++20";
				CLANG_ENABLE_MODULES = YES;
				CLANG_ENABLE_OBJC_ARC = YES;
				CLANG_ENABLE_OBJC_WEAK = YES;
				CLANG_WARN_BLOCK_CAPTURE_AUTORELEASING = YES;
				CLANG_WARN_BOOL_CONVERSION = YES;
				CLANG_WARN_COMMA = YES;
				CLANG_WARN_CONSTANT_CONVERSION = YES;
				CLANG_WARN_DEPRECATED_OBJC_IMPLEMENTATIONS = YES;
				CLANG_WARN_DIRECT_OBJC_ISA_USAGE = YES_ERROR;
				CLANG_WARN_DOCUMENTATION_COMMENTS = YES;
				CLANG_WARN_EMPTY_BODY = YES;
				CLANG_WARN_ENUM_CONVERSION = YES;
				CLANG_WARN_INFINITE_RECURSION = YES;
				CLANG_WARN_INT_CONVERSION = YES;
				CLANG_WARN_NON_LITERAL_NULL_CONVERSION = YES;
				CLANG_WARN_OBJC_IMPLICIT_RETAIN_SELF = YES;
				CLANG_WARN_OBJC_LITERAL_CONVERSION = YES;
				CLANG_WARN_OBJC_ROOT_CLASS = YES_ERROR;
				CLANG_WARN_QUOTED_INCLUDE_IN_FRAMEWORK_HEADER = YES;
				CLANG_WARN_RANGE_LOOP_ANALYSIS = YES;
				CLANG_WARN_STRICT_PROTOTYPES = YES;
				CLANG_WARN_SUSPICIOUS_MOVE = YES;
				CLANG_WARN_UNGUARDED_AVAILABILITY = YES_AGGRESSIVE;
				CLANG_WARN_UNREACHABLE_CODE = YES;
				CLANG_WARN__DUPLICATE_METHOD_MATCH = YES;
				COPY_PHASE_STRIP = NO;
				DEBUG_INFORMATION_FORMAT = "dwarf-with-dsym";
				ENABLE_NS_ASSERTIONS = NO;
				ENABLE_STRICT_OBJC_MSGSEND = YES;
				GCC_C_LANGUAGE_STANDARD = gnu11;
				GCC_NO_COMMON_BLOCKS = YES;
				GCC_WARN_64_TO_32_BIT_CONVERSION = YES;
				GCC_WARN_ABOUT_RETURN_TYPE = YES_ERROR;
				GCC_WARN_UNDECLARED_SELECTOR = YES;
				GCC_WARN_UNINITIALIZED_AUTOS = YES_AGGRESSIVE;
				GCC_WARN_UNUSED_FUNCTION = YES;
				GCC_WARN_UNUSED_VARIABLE = YES;
				IPHONEOS_DEPLOYMENT_TARGET = 16.4;
				MTL_ENABLE_DEBUG_INFO = NO;
				MTL_FAST_MATH = YES;
				SDKROOT = iphoneos;
				SWIFT_COMPILATION_MODE = wholemodule;
				SWIFT_OPTIMIZATION_LEVEL = "-O";
				VALIDATE_PRODUCT = YES;
			};
			name = Release;
		};
		846DA27A2A4B48A300066A89 /* Debug */ = {
			isa = XCBuildConfiguration;
			buildSettings = {
				ASSETCATALOG_COMPILER_APPICON_NAME = AppIcon;
				ASSETCATALOG_COMPILER_GLOBAL_ACCENT_COLOR_NAME = AccentColor;
				CODE_SIGN_STYLE = Automatic;
				CURRENT_PROJECT_VERSION = 1;
				GENERATE_INFOPLIST_FILE = YES;
				INFOPLIST_FILE = SettingsPage/Resources/Configuration/Info.plist;
				INFOPLIST_KEY_UIApplicationSupportsIndirectInputEvents = YES;
				INFOPLIST_KEY_UILaunchStoryboardName = LaunchScreen;
				INFOPLIST_KEY_UISupportedInterfaceOrientations = UIInterfaceOrientationPortrait;
				INFOPLIST_KEY_UISupportedInterfaceOrientations_iPad = "UIInterfaceOrientationLandscapeLeft UIInterfaceOrientationLandscapeRight UIInterfaceOrientationPortrait UIInterfaceOrientationPortraitUpsideDown";
				IPHONEOS_DEPLOYMENT_TARGET = 15.0;
				LD_RUNPATH_SEARCH_PATHS = (
					"$(inherited)",
					"@executable_path/Frameworks",
				);
				MARKETING_VERSION = 1.0;
				PRODUCT_BUNDLE_IDENTIFIER = com.my.SettingsPage;
				PRODUCT_NAME = "$(TARGET_NAME)";
				SWIFT_EMIT_LOC_STRINGS = YES;
				SWIFT_VERSION = 5.0;
				TARGETED_DEVICE_FAMILY = "1,2";
			};
			name = Debug;
		};
		846DA27B2A4B48A300066A89 /* Release */ = {
			isa = XCBuildConfiguration;
			buildSettings = {
				ASSETCATALOG_COMPILER_APPICON_NAME = AppIcon;
				ASSETCATALOG_COMPILER_GLOBAL_ACCENT_COLOR_NAME = AccentColor;
				CODE_SIGN_STYLE = Automatic;
				CURRENT_PROJECT_VERSION = 1;
				GENERATE_INFOPLIST_FILE = YES;
				INFOPLIST_FILE = SettingsPage/Resources/Configuration/Info.plist;
				INFOPLIST_KEY_UIApplicationSupportsIndirectInputEvents = YES;
				INFOPLIST_KEY_UILaunchStoryboardName = LaunchScreen;
				INFOPLIST_KEY_UISupportedInterfaceOrientations = UIInterfaceOrientationPortrait;
				INFOPLIST_KEY_UISupportedInterfaceOrientations_iPad = "UIInterfaceOrientationLandscapeLeft UIInterfaceOrientationLandscapeRight UIInterfaceOrientationPortrait UIInterfaceOrientationPortraitUpsideDown";
				IPHONEOS_DEPLOYMENT_TARGET = 15.0;
				LD_RUNPATH_SEARCH_PATHS = (
					"$(inherited)",
					"@executable_path/Frameworks",
				);
				MARKETING_VERSION = 1.0;
				PRODUCT_BUNDLE_IDENTIFIER = com.my.SettingsPage;
				PRODUCT_NAME = "$(TARGET_NAME)";
				SWIFT_EMIT_LOC_STRINGS = YES;
				SWIFT_VERSION = 5.0;
				TARGETED_DEVICE_FAMILY = "1,2";
			};
			name = Release;
		};
/* End XCBuildConfiguration section */

/* Begin XCConfigurationList section */
		846DA2602A4B48A100066A89 /* Build configuration list for PBXProject "SettingsPage" */ = {
			isa = XCConfigurationList;
			buildConfigurations = (
				846DA2772A4B48A300066A89 /* Debug */,
				846DA2782A4B48A300066A89 /* Release */,
			);
			defaultConfigurationIsVisible = 0;
			defaultConfigurationName = Release;
		};
		846DA2792A4B48A300066A89 /* Build configuration list for PBXNativeTarget "SettingsPage" */ = {
			isa = XCConfigurationList;
			buildConfigurations = (
				846DA27A2A4B48A300066A89 /* Debug */,
				846DA27B2A4B48A300066A89 /* Release */,
			);
			defaultConfigurationIsVisible = 0;
			defaultConfigurationName = Release;
		};
/* End XCConfigurationList section */

/* Begin XCRemoteSwiftPackageReference section */
		8462E07E2A4CEDD50034AA0D /* XCRemoteSwiftPackageReference "SnapKit" */ = {
			isa = XCRemoteSwiftPackageReference;
			repositoryURL = "https://github.com/SnapKit/SnapKit.git";
			requirement = {
				kind = upToNextMajorVersion;
				minimumVersion = 5.0.0;
			};
		};
/* End XCRemoteSwiftPackageReference section */

/* Begin XCSwiftPackageProductDependency section */
		8462E07F2A4CEDD50034AA0D /* SnapKit */ = {
			isa = XCSwiftPackageProductDependency;
			package = 8462E07E2A4CEDD50034AA0D /* XCRemoteSwiftPackageReference "SnapKit" */;
			productName = SnapKit;
		};
/* End XCSwiftPackageProductDependency section */
	};
	rootObject = 846DA25D2A4B48A100066A89 /* Project object */;
}
